// !$*UTF8*$!
{
	archiveVersion = 1;
	classes = {
	};
	objectVersion = 48;
	objects = {

/* Begin PBXBuildFile section */
		AD482A40204F96BE00C42689 /* AppDelegate.m in Sources */ = {isa = PBXBuildFile; fileRef = AD482A3F204F96BE00C42689 /* AppDelegate.m */; };
		AD482A43204F96BE00C42689 /* ViewController.m in Sources */ = {isa = PBXBuildFile; fileRef = AD482A42204F96BE00C42689 /* ViewController.m */; };
		AD482A46204F96BE00C42689 /* Main.storyboard in Resources */ = {isa = PBXBuildFile; fileRef = AD482A44204F96BE00C42689 /* Main.storyboard */; };
		AD482A48204F96BE00C42689 /* Assets.xcassets in Resources */ = {isa = PBXBuildFile; fileRef = AD482A47204F96BE00C42689 /* Assets.xcassets */; };
		AD482A4B204F96BE00C42689 /* LaunchScreen.storyboard in Resources */ = {isa = PBXBuildFile; fileRef = AD482A49204F96BE00C42689 /* LaunchScreen.storyboard */; };
		AD482A4E204F96BE00C42689 /* main.m in Sources */ = {isa = PBXBuildFile; fileRef = AD482A4D204F96BE00C42689 /* main.m */; };
		AD482A56204F9D0200C42689 /* Color.m in Sources */ = {isa = PBXBuildFile; fileRef = AD482A55204F9D0200C42689 /* Color.m */; };
		AD482A59204F9EEA00C42689 /* ModelManager.m in Sources */ = {isa = PBXBuildFile; fileRef = AD482A58204F9EEA00C42689 /* ModelManager.m */; };
/* End PBXBuildFile section */

/* Begin PBXFileReference section */
		AD482A3B204F96BE00C42689 /* Git Collaboration.app */ = {isa = PBXFileReference; explicitFileType = wrapper.application; includeInIndex = 0; path = "Git Collaboration.app"; sourceTree = BUILT_PRODUCTS_DIR; };
		AD482A3E204F96BE00C42689 /* AppDelegate.h */ = {isa = PBXFileReference; lastKnownFileType = sourcecode.c.h; path = AppDelegate.h; sourceTree = "<group>"; };
		AD482A3F204F96BE00C42689 /* AppDelegate.m */ = {isa = PBXFileReference; lastKnownFileType = sourcecode.c.objc; path = AppDelegate.m; sourceTree = "<group>"; };
		AD482A41204F96BE00C42689 /* ViewController.h */ = {isa = PBXFileReference; lastKnownFileType = sourcecode.c.h; path = ViewController.h; sourceTree = "<group>"; };
		AD482A42204F96BE00C42689 /* ViewController.m */ = {isa = PBXFileReference; lastKnownFileType = sourcecode.c.objc; path = ViewController.m; sourceTree = "<group>"; };
		AD482A45204F96BE00C42689 /* Base */ = {isa = PBXFileReference; lastKnownFileType = file.storyboard; name = Base; path = Base.lproj/Main.storyboard; sourceTree = "<group>"; };
		AD482A47204F96BE00C42689 /* Assets.xcassets */ = {isa = PBXFileReference; lastKnownFileType = folder.assetcatalog; path = Assets.xcassets; sourceTree = "<group>"; };
		AD482A4A204F96BE00C42689 /* Base */ = {isa = PBXFileReference; lastKnownFileType = file.storyboard; name = Base; path = Base.lproj/LaunchScreen.storyboard; sourceTree = "<group>"; };
		AD482A4C204F96BE00C42689 /* Info.plist */ = {isa = PBXFileReference; lastKnownFileType = text.plist.xml; path = Info.plist; sourceTree = "<group>"; };
		AD482A4D204F96BE00C42689 /* main.m */ = {isa = PBXFileReference; lastKnownFileType = sourcecode.c.objc; path = main.m; sourceTree = "<group>"; };
		AD482A54204F9D0200C42689 /* Color.h */ = {isa = PBXFileReference; lastKnownFileType = sourcecode.c.h; path = Color.h; sourceTree = "<group>"; };
		AD482A55204F9D0200C42689 /* Color.m */ = {isa = PBXFileReference; lastKnownFileType = sourcecode.c.objc; path = Color.m; sourceTree = "<group>"; };
		AD482A57204F9EEA00C42689 /* ModelManager.h */ = {isa = PBXFileReference; lastKnownFileType = sourcecode.c.h; path = ModelManager.h; sourceTree = "<group>"; };
		AD482A58204F9EEA00C42689 /* ModelManager.m */ = {isa = PBXFileReference; lastKnownFileType = sourcecode.c.objc; path = ModelManager.m; sourceTree = "<group>"; };
/* End PBXFileReference section */

/* Begin PBXFrameworksBuildPhase section */
		AD482A38204F96BE00C42689 /* Frameworks */ = {
			isa = PBXFrameworksBuildPhase;
			buildActionMask = 2147483647;
			files = (
			);
			runOnlyForDeploymentPostprocessing = 0;
		};
/* End PBXFrameworksBuildPhase section */

/* Begin PBXGroup section */
		AD482A32204F96BE00C42689 = {
			isa = PBXGroup;
			children = (
				AD482A3D204F96BE00C42689 /* Git Collaboration */,
				AD482A3C204F96BE00C42689 /* Products */,
			);
			sourceTree = "<group>";
		};
		AD482A3C204F96BE00C42689 /* Products */ = {
			isa = PBXGroup;
			children = (
				AD482A3B204F96BE00C42689 /* Git Collaboration.app */,
			);
			name = Products;
			sourceTree = "<group>";
		};
		AD482A3D204F96BE00C42689 /* Git Collaboration */ = {
			isa = PBXGroup;
			children = (
				AD482A3E204F96BE00C42689 /* AppDelegate.h */,
				AD482A3F204F96BE00C42689 /* AppDelegate.m */,
				AD482A41204F96BE00C42689 /* ViewController.h */,
				AD482A42204F96BE00C42689 /* ViewController.m */,
				AD482A57204F9EEA00C42689 /* ModelManager.h */,
				AD482A58204F9EEA00C42689 /* ModelManager.m */,
				AD482A54204F9D0200C42689 /* Color.h */,
				AD482A55204F9D0200C42689 /* Color.m */,
				AD482A44204F96BE00C42689 /* Main.storyboard */,
				AD482A47204F96BE00C42689 /* Assets.xcassets */,
				AD482A49204F96BE00C42689 /* LaunchScreen.storyboard */,
				AD482A4C204F96BE00C42689 /* Info.plist */,
				AD482A4D204F96BE00C42689 /* main.m */,
			);
			path = "Git Collaboration";
			sourceTree = "<group>";
		};
/* End PBXGroup section */

/* Begin PBXNativeTarget section */
		AD482A3A204F96BE00C42689 /* Git Collaboration */ = {
			isa = PBXNativeTarget;
			buildConfigurationList = AD482A51204F96BE00C42689 /* Build configuration list for PBXNativeTarget "Git Collaboration" */;
			buildPhases = (
				AD482A37204F96BE00C42689 /* Sources */,
				AD482A38204F96BE00C42689 /* Frameworks */,
				AD482A39204F96BE00C42689 /* Resources */,
			);
			buildRules = (
			);
			dependencies = (
			);
			name = "Git Collaboration";
			productName = "Git Collaboration";
			productReference = AD482A3B204F96BE00C42689 /* Git Collaboration.app */;
			productType = "com.apple.product-type.application";
		};
/* End PBXNativeTarget section */

/* Begin PBXProject section */
		AD482A33204F96BE00C42689 /* Project object */ = {
			isa = PBXProject;
			attributes = {
				LastUpgradeCheck = 0920;
				ORGANIZATIONNAME = "Tyson Parks";
				TargetAttributes = {
					AD482A3A204F96BE00C42689 = {
						CreatedOnToolsVersion = 9.2;
						ProvisioningStyle = Automatic;
					};
				};
			};
			buildConfigurationList = AD482A36204F96BE00C42689 /* Build configuration list for PBXProject "Git Collaboration" */;
			compatibilityVersion = "Xcode 8.0";
			developmentRegion = en;
			hasScannedForEncodings = 0;
			knownRegions = (
				en,
				Base,
			);
			mainGroup = AD482A32204F96BE00C42689;
			productRefGroup = AD482A3C204F96BE00C42689 /* Products */;
			projectDirPath = "";
			projectRoot = "";
			targets = (
				AD482A3A204F96BE00C42689 /* Git Collaboration */,
			);
		};
/* End PBXProject section */

/* Begin PBXResourcesBuildPhase section */
		AD482A39204F96BE00C42689 /* Resources */ = {
			isa = PBXResourcesBuildPhase;
			buildActionMask = 2147483647;
			files = (
				AD482A4B204F96BE00C42689 /* LaunchScreen.storyboard in Resources */,
				AD482A48204F96BE00C42689 /* Assets.xcassets in Resources */,
				AD482A46204F96BE00C42689 /* Main.storyboard in Resources */,
			);
			runOnlyForDeploymentPostprocessing = 0;
		};
/* End PBXResourcesBuildPhase section */

/* Begin PBXSourcesBuildPhase section */
		AD482A37204F96BE00C42689 /* Sources */ = {
			isa = PBXSourcesBuildPhase;
			buildActionMask = 2147483647;
			files = (
				AD482A43204F96BE00C42689 /* ViewController.m in Sources */,
				AD482A56204F9D0200C42689 /* Color.m in Sources */,
				AD482A4E204F96BE00C42689 /* main.m in Sources */,
				AD482A59204F9EEA00C42689 /* ModelManager.m in Sources */,
				AD482A40204F96BE00C42689 /* AppDelegate.m in Sources */,
			);
			runOnlyForDeploymentPostprocessing = 0;
		};
/* End PBXSourcesBuildPhase section */

/* Begin PBXVariantGroup section */
		AD482A44204F96BE00C42689 /* Main.storyboard */ = {
			isa = PBXVariantGroup;
			children = (
				AD482A45204F96BE00C42689 /* Base */,
			);
			name = Main.storyboard;
			sourceTree = "<group>";
		};
		AD482A49204F96BE00C42689 /* LaunchScreen.storyboard */ = {
			isa = PBXVariantGroup;
			children = (
				AD482A4A204F96BE00C42689 /* Base */,
			);
			name = LaunchScreen.storyboard;
			sourceTree = "<group>";
		};
/* End PBXVariantGroup section */

/* Begin XCBuildConfiguration section */
		AD482A4F204F96BE00C42689 /* Debug */ = {
			isa = XCBuildConfiguration;
			buildSettings = {
				ALWAYS_SEARCH_USER_PATHS = NO;
				CLANG_ANALYZER_NONNULL = YES;
				CLANG_ANALYZER_NUMBER_OBJECT_CONVERSION = YES_AGGRESSIVE;
				CLANG_CXX_LANGUAGE_STANDARD = "gnu++14";
				CLANG_CXX_LIBRARY = "libc++";
				CLANG_ENABLE_MODULES = YES;
				CLANG_ENABLE_OBJC_ARC = YES;
				CLANG_WARN_BLOCK_CAPTURE_AUTORELEASING = YES;
				CLANG_WARN_BOOL_CONVERSION = YES;
				CLANG_WARN_COMMA = YES;
				CLANG_WARN_CONSTANT_CONVERSION = YES;
				CLANG_WARN_DIRECT_OBJC_ISA_USAGE = YES_ERROR;
				CLANG_WARN_DOCUMENTATION_COMMENTS = YES;
				CLANG_WARN_EMPTY_BODY = YES;
				CLANG_WARN_ENUM_CONVERSION = YES;
				CLANG_WARN_INFINITE_RECURSION = YES;
				CLANG_WARN_INT_CONVERSION = YES;
				CLANG_WARN_NON_LITERAL_NULL_CONVERSION = YES;
				CLANG_WARN_OBJC_LITERAL_CONVERSION = YES;
				CLANG_WARN_OBJC_ROOT_CLASS = YES_ERROR;
				CLANG_WARN_RANGE_LOOP_ANALYSIS = YES;
				CLANG_WARN_STRICT_PROTOTYPES = YES;
				CLANG_WARN_SUSPICIOUS_MOVE = YES;
				CLANG_WARN_UNGUARDED_AVAILABILITY = YES_AGGRESSIVE;
				CLANG_WARN_UNREACHABLE_CODE = YES;
				CLANG_WARN__DUPLICATE_METHOD_MATCH = YES;
				CODE_SIGN_IDENTITY = "iPhone Developer";
				COPY_PHASE_STRIP = NO;
				DEBUG_INFORMATION_FORMAT = dwarf;
				ENABLE_STRICT_OBJC_MSGSEND = YES;
				ENABLE_TESTABILITY = YES;
				GCC_C_LANGUAGE_STANDARD = gnu11;
				GCC_DYNAMIC_NO_PIC = NO;
				GCC_NO_COMMON_BLOCKS = YES;
				GCC_OPTIMIZATION_LEVEL = 0;
				GCC_PREPROCESSOR_DEFINITIONS = (
					"DEBUG=1",
					"$(inherited)",
				);
				GCC_WARN_64_TO_32_BIT_CONVERSION = YES;
				GCC_WARN_ABOUT_RETURN_TYPE = YES_ERROR;
				GCC_WARN_UNDECLARED_SELECTOR = YES;
				GCC_WARN_UNINITIALIZED_AUTOS = YES_AGGRESSIVE;
				GCC_WARN_UNUSED_FUNCTION = YES;
				GCC_WARN_UNUSED_VARIABLE = YES;
				IPHONEOS_DEPLOYMENT_TARGET = 11.2;
				MTL_ENABLE_DEBUG_INFO = YES;
				ONLY_ACTIVE_ARCH = YES;
				SDKROOT = iphoneos;
			};
			name = Debug;
		};
		AD482A50204F96BE00C42689 /* Release */ = {
			isa = XCBuildConfiguration;
			buildSettings = {
				ALWAYS_SEARCH_USER_PATHS = NO;
				CLANG_ANALYZER_NONNULL = YES;
				CLANG_ANALYZER_NUMBER_OBJECT_CONVERSION = YES_AGGRESSIVE;
				CLANG_CXX_LANGUAGE_STANDARD = "gnu++14";
				CLANG_CXX_LIBRARY = "libc++";
				CLANG_ENABLE_MODULES = YES;
				CLANG_ENABLE_OBJC_ARC = YES;
				CLANG_WARN_BLOCK_CAPTURE_AUTORELEASING = YES;
				CLANG_WARN_BOOL_CONVERSION = YES;
				CLANG_WARN_COMMA = YES;
				CLANG_WARN_CONSTANT_CONVERSION = YES;
				CLANG_WARN_DIRECT_OBJC_ISA_USAGE = YES_ERROR;
				CLANG_WARN_DOCUMENTATION_COMMENTS = YES;
				CLANG_WARN_EMPTY_BODY = YES;
				CLANG_WARN_ENUM_CONVERSION = YES;
				CLANG_WARN_INFINITE_RECURSION = YES;
				CLANG_WARN_INT_CONVERSION = YES;
				CLANG_WARN_NON_LITERAL_NULL_CONVERSION = YES;
				CLANG_WARN_OBJC_LITERAL_CONVERSION = YES;
				CLANG_WARN_OBJC_ROOT_CLASS = YES_ERROR;
				CLANG_WARN_RANGE_LOOP_ANALYSIS = YES;
				CLANG_WARN_STRICT_PROTOTYPES = YES;
				CLANG_WARN_SUSPICIOUS_MOVE = YES;
				CLANG_WARN_UNGUARDED_AVAILABILITY = YES_AGGRESSIVE;
				CLANG_WARN_UNREACHABLE_CODE = YES;
				CLANG_WARN__DUPLICATE_METHOD_MATCH = YES;
				CODE_SIGN_IDENTITY = "iPhone Developer";
				COPY_PHASE_STRIP = NO;
				DEBUG_INFORMATION_FORMAT = "dwarf-with-dsym";
				ENABLE_NS_ASSERTIONS = NO;
				ENABLE_STRICT_OBJC_MSGSEND = YES;
				GCC_C_LANGUAGE_STANDARD = gnu11;
				GCC_NO_COMMON_BLOCKS = YES;
				GCC_WARN_64_TO_32_BIT_CONVERSION = YES;
				GCC_WARN_ABOUT_RETURN_TYPE = YES_ERROR;
				GCC_WARN_UNDECLARED_SELECTOR = YES;
				GCC_WARN_UNINITIALIZED_AUTOS = YES_AGGRESSIVE;
				GCC_WARN_UNUSED_FUNCTION = YES;
				GCC_WARN_UNUSED_VARIABLE = YES;
				IPHONEOS_DEPLOYMENT_TARGET = 11.2;
				MTL_ENABLE_DEBUG_INFO = NO;
				SDKROOT = iphoneos;
				VALIDATE_PRODUCT = YES;
			};
			name = Release;
		};
		AD482A52204F96BE00C42689 /* Debug */ = {
			isa = XCBuildConfiguration;
			buildSettings = {
				ASSETCATALOG_COMPILER_APPICON_NAME = AppIcon;
				CODE_SIGN_STYLE = Automatic;
				DEVELOPMENT_TEAM = KRV5282U3Y;
				INFOPLIST_FILE = "Git Collaboration/Info.plist";
				LD_RUNPATH_SEARCH_PATHS = "$(inherited) @executable_path/Frameworks";
				PRODUCT_BUNDLE_IDENTIFIER = "com.tysonparks.Git-Collaboration";
				PRODUCT_NAME = "$(TARGET_NAME)";
				TARGETED_DEVICE_FAMILY = "1,2";
			};
			name = Debug;
		};
		AD482A53204F96BE00C42689 /* Release */ = {
			isa = XCBuildConfiguration;
			buildSettings = {
				ASSETCATALOG_COMPILER_APPICON_NAME = AppIcon;
				CODE_SIGN_STYLE = Automatic;
				DEVELOPMENT_TEAM = KRV5282U3Y;
				INFOPLIST_FILE = "Git Collaboration/Info.plist";
				LD_RUNPATH_SEARCH_PATHS = "$(inherited) @executable_path/Frameworks";
				PRODUCT_BUNDLE_IDENTIFIER = "com.tysonparks.Git-Collaboration";
				PRODUCT_NAME = "$(TARGET_NAME)";
				TARGETED_DEVICE_FAMILY = "1,2";
			};
			name = Release;
		};
/* End XCBuildConfiguration section */

/* Begin XCConfigurationList section */
		AD482A36204F96BE00C42689 /* Build configuration list for PBXProject "Git Collaboration" */ = {
			isa = XCConfigurationList;
			buildConfigurations = (
				AD482A4F204F96BE00C42689 /* Debug */,
				AD482A50204F96BE00C42689 /* Release */,
			);
			defaultConfigurationIsVisible = 0;
			defaultConfigurationName = Release;
		};
		AD482A51204F96BE00C42689 /* Build configuration list for PBXNativeTarget "Git Collaboration" */ = {
			isa = XCConfigurationList;
			buildConfigurations = (
				AD482A52204F96BE00C42689 /* Debug */,
				AD482A53204F96BE00C42689 /* Release */,
			);
			defaultConfigurationIsVisible = 0;
			defaultConfigurationName = Release;
		};
/* End XCConfigurationList section */
	};
	rootObject = AD482A33204F96BE00C42689 /* Project object */;
}
